{
  "requires": true,
  "lockfileVersion": 1,
  "dependencies": {
    "gerrandonea-palindrome": {
      "version": "1.0.0",
      "resolved": "https://registry.npmjs.org/gerrandonea-palindrome/-/gerrandonea-palindrome-1.0.0.tgz",
      "integrity": "sha512-cKhotufRuYyLwC7yZNszGg9XHHANmKRzw2PNbCMHgnfxwSTEEvQAkQuxtSCzJzvoyRahH2nOdhqDTvo8MX+00A=="
    }
  }
}
